version: 1
files:
  src\locales\en.json:
    common.actions.logout: 0323de4f66a1700e2173e9bcdce02715
    common.actions.back: 0557fa923dcee4d0f86b1409f5c2167f
    common.actions.saveChanges: f5d6040ed78ca86ddc73296a49b18510
    common.actions.saving: 575f5f86d2c7ea113c6710c1037c4465
    common.actions.resetToDefaults: 6795975d2a3ee08c25bd74c360132342
    common.actions.close: d3d2e617335f08df83599665eef8a418
    common.actions.signingOut: 182b74049b084101c138fe25d6ebe1d7
    common.actions.signedOutSuccess: 3d4e2f810d3fe4b9a27a12d3ca07b4d9
    common.actions.signOutError: 949f4b57aa07fedec2a776dc4373f062
    common.themes.dark: a18366b217ebf811ad1886e4f4f865b2
    common.themes.light: 9914a0ce04a7b7b6a8e39bec55064b82
    common.themes.system: a45da96d0bf6575970f2d27af22be28a
    common.commandPalette.title: c0a2436cd8b2dc5085c869e4a052572f
    common.commandPalette.description: 6423c8c039f8aeca9be2045e268964d8
    common.commandPalette.placeholder: 3bf30617d56ed0ce41489017afd95889
    common.commandPalette.noResults: e576c23d915755d83e2d1f47bd9f6c22
    common.commandPalette.groups.studio: 8bc227feedf418b389cbfd7906db2123
    common.commandPalette.groups.settings: f4f70727dc34561dfde1a3c529b6205c
    common.commandPalette.groups.actions: 06df33001c1d7187fdd81ea1f5b277aa
    common.commandPalette.groups.help: 6a26f548831e6a8c26bfbbd9f6ec61e0
    common.commandPalette.groups.navigation: 846495f9ceed11accf8879f555936a7d
    common.commandPalette.commands.goToStudio: 2108e15e4dd7b12ecdea3c4d2b0bd8e7
    common.commandPalette.commands.goToSettings: a267b49cbddac02c29b4687ff410aa3f
    common.commandPalette.commands.newProject: 18e90c94f30ec9e0e0595a336e8d314d
    common.commandPalette.commands.searchProjects: b2b41a02a381c30ee15efa4d4c52eb16
    common.commandPalette.commands.helpWithShortcuts: 28cd602dd1cd0ae2f22b6ba2ba4ab7d3
    pages.error.notFound.title: 3218cbbd69118d6976e91ebb8693de5f
    pages.error.notFound.description: e813e3dceb82eac528c0a8c82432d76d
    pages.error.notFound.goBack: 4f2f5e1d6e2a13469ad431474a68ab82
    pages.error.settingsNotFound: 196b7210bf3f3982bd9d42c1e34c19dd
    pages.home.title: d24fccb366394542917891300ae764f0
    pages.home.description: 8e72146b854db172d123a9fe29a11d92
    pages.home.listenNow: 1b2cbd2859e4aaa43c8e03278f747aa3
    pages.home.createNow: 64420c6b8bbd6e09dbd7148486eb2147
    pages.home.socialProof: 9ac9747b44b92ae193a033946b5e1a91
    pages.home.benefits.title: cccfb5f182d40ce02087718f91040c8b
    pages.home.benefits.dedescription: 4e25f8fe706e140a2ac1d26fb1b963da
    pages.home.benefits.aiGenerated.title: d3be54759bf2dd41d0ab30caf5a3b9e2
    pages.home.benefits.aiGenerated.description: 76e1f38d76486af760010f5cc004e1d9
    pages.home.benefits.dailyNews.title: ff329ae70a78e0f19bfc0d6d1eeb2788
    pages.home.benefits.dailyNews.description: e7793a712b2a64d08dcff1e010621e09
    pages.home.benefits.shareLinks.title: 21ac447f699ac23def3fde789e49474f
    pages.home.benefits.shareLinks.description: 8efb76d63d9fb0327dbae03c3e95f3a5
    pages.home.benefits.customPrompts.title: 96448e9f3e463ab69d95dff05ce78826
    pages.home.benefits.customPrompts.description: abdd48507098be0decfb04932e0510a0
    pages.home.testimonials.title: bd3be9910a39081bf43c7c9ffb607032
    pages.home.testimonials.subtitle: 440a5c8a8fa8849ab8e86285cc67d0db
    pages.home.testimonials.description: 14c18c8971026be775c0a5c67c16af8d
    pages.home.cta.title: bdde65204b60797e7ebb4d69d5716b67
    pages.home.cta.description: 58ae1bf3b85b50a844b8b0c24ab555ad
    pages.home.cta.primaryAction: 1b2cbd2859e4aaa43c8e03278f747aa3
    pages.home.cta.secondaryAction: 2446cdf853d0590848b5534ec5f350a6
